
Microsoft Visual Studio Solution File, Format Version 12.00
# Visual Studio Version 16
VisualStudioVersion = 16.0.30406.217
MinimumVisualStudioVersion = 10.0.40219.1
Project("{FAE04EC0-301F-11D3-BF4B-00C04F79EFBC}") = "AdoNetData", "AdoNetData\AdoNetData.csproj", "{E7EE9A04-F8FB-4BA2-A0A7-6C17261231EE}"
EndProject
Global
	GlobalSection(SolutionConfigurationPlatforms) = preSolution
		Debug|Any CPU = Debug|Any CPU
		Release|Any CPU = Release|Any CPU
	EndGlobalSection
	GlobalSection(ProjectConfigurationPlatforms) = postSolution
		{E7EE9A04-F8FB-4BA2-A0A7-6C17261231EE}.Debug|Any CPU.ActiveCfg = Debug|Any CPU
		{E7EE9A04-F8FB-4BA2-A0A7-6C17261231EE}.Debug|Any CPU.Build.0 = Debug|Any CPU
		{E7EE9A04-F8FB-4BA2-A0A7-6C17261231EE}.Release|Any CPU.ActiveCfg = Release|Any CPU
		{E7EE9A04-F8FB-4BA2-A0A7-6C17261231EE}.Release|Any CPU.Build.0 = Release|Any CPU
	EndGlobalSection
	GlobalSection(SolutionProperties) = preSolution
		HideSolutionNode = FALSE
	EndGlobalSection
	GlobalSection(ExtensibilityGlobals) = postSolution
		SolutionGuid = {FE822FA1-A896-48ED-BDB4-A126DCF0209F}
	EndGlobalSection
EndGlobal
